{
  "name": "ppq-enclave-verify",
  "version": "0.1.0",
  "lockfileVersion": 3,
  "requires": true,
  "packages": {
    "": {
      "name": "ppq-enclave-verify",
      "version": "0.1.0",
      "dependencies": {
        "cbor": "^9.0.2",
        "ehbp": "^0.2.0"
      },
      "bin": {
        "ppq-enclave-verify": "verify.mjs"
      }
    },
    "node_modules/@noble/ciphers": {
      "version": "2.2.0",
      "resolved": "https://registry.npmjs.org/@noble/ciphers/-/ciphers-2.2.0.tgz",
      "integrity": "sha512-Z6pjIZ/8IJcCGzb2S/0Px5J81yij85xASuk1teLNeg75bfT07MV3a/O2Mtn1I2se43k3lkVEcFaR10N4cgQcZA==",
      "license": "MIT",
      "engines": {
        "node": ">= 20.19.0"
      },
      "funding": {
        "url": "https://paulmillr.com/funding/"
      }
    },
    "node_modules/@noble/curves": {
      "version": "2.2.0",
      "resolved": "https://registry.npmjs.org/@noble/curves/-/curves-2.2.0.tgz",
      "integrity": "sha512-T/BoHgFXirb0ENSPBquzX0rcjXeM6Lo892a2jlYJkqk83LqZx0l1Of7DzlKJ6jkpvMrkHSnAcgb5JegL8SeIkQ==",
      "license": "MIT",
      "dependencies": {
        "@noble/hashes": "2.2.0"
      },
      "engines": {
        "node": ">= 20.19.0"
      },
      "funding": {
        "url": "https://paulmillr.com/funding/"
      }
    },
    "node_modules/@noble/hashes": {
      "version": "2.2.0",
      "resolved": "https://registry.npmjs.org/@noble/hashes/-/hashes-2.2.0.tgz",
      "integrity": "sha512-IYqDGiTXab6FniAgnSdZwgWbomxpy9FtYvLKs7wCUs2a8RkITG+DFGO1DM9cr+E3/RgADRpFjrKVaJ1z6sjtEg==",
      "license": "MIT",
      "engines": {
        "node": ">= 20.19.0"
      },
      "funding": {
        "url": "https://paulmillr.com/funding/"
      }
    },
    "node_modules/@noble/post-quantum": {
      "version": "0.6.1",
      "resolved": "https://registry.npmjs.org/@noble/post-quantum/-/post-quantum-0.6.1.tgz",
      "integrity": "sha512-+pormrDZwjRw05U8ADK4JpHejo87+gBd+muRBB/ozztH5yhDLMDF4jHQWN3NQQAsu1zBNPWTG0ZwVI0CR29H0A==",
      "license": "MIT",
      "dependencies": {
        "@noble/ciphers": "~2.2.0",
        "@noble/curves": "~2.2.0",
        "@noble/hashes": "~2.2.0"
      },
      "engines": {
        "node": ">= 20.19.0"
      },
      "funding": {
        "url": "https://paulmillr.com/funding/"
      }
    },
    "node_modules/@panva/hpke-noble": {
      "version": "1.1.3",
      "resolved": "https://registry.npmjs.org/@panva/hpke-noble/-/hpke-noble-1.1.3.tgz",
      "integrity": "sha512-zPG7MR9x7QE7+KdYsKBO9H0vp3AdYt9/4AT3ab7T7W6SL0fdRqhgNRu8q4OGTJNLeKpdbkkRb6LhBDaA9+9xWQ==",
      "license": "MIT",
      "dependencies": {
        "@noble/ciphers": "^2.2.0",
        "@noble/curves": "^2.2.0",
        "@noble/hashes": "^2.2.0",
        "@noble/post-quantum": "^0.6.1"
      },
      "funding": {
        "url": "https://github.com/sponsors/panva"
      },
      "peerDependencies": {
        "hpke": "^1.0.0"
      }
    },
    "node_modules/cbor": {
      "version": "9.0.2",
      "resolved": "https://registry.npmjs.org/cbor/-/cbor-9.0.2.tgz",
      "integrity": "sha512-JPypkxsB10s9QOWwa6zwPzqE1Md3vqpPc+cai4sAecuCsRyAtAl/pMyhPlMbT/xtPnm2dznJZYRLui57qiRhaQ==",
      "license": "MIT",
      "dependencies": {
        "nofilter": "^3.1.0"
      },
      "engines": {
        "node": ">=16"
      }
    },
    "node_modules/ehbp": {
      "version": "0.2.0",
      "resolved": "https://registry.npmjs.org/ehbp/-/ehbp-0.2.0.tgz",
      "integrity": "sha512-hYkeupwvY0S1h9RpcrCD8pAgc6yfxfMqbI0y6khtS+ZNEByZAf116LTA6aBFB2JJQFsUaOEO7convZVrVhyeZA==",
      "license": "MIT",
      "dependencies": {
        "@panva/hpke-noble": "^1.0.3",
        "hpke": "^1.0.1"
      },
      "engines": {
        "node": ">=20.0.0"
      }
    },
    "node_modules/hpke": {
      "version": "1.1.3",
      "resolved": "https://registry.npmjs.org/hpke/-/hpke-1.1.3.tgz",
      "integrity": "sha512-nViXp6Au3UmGSIHlKIz8GQSuHJsscLTqZciHnssYMyuxHJvj3M4jBYpN3CbffTNPhhz2NQuUiC+TIaDxxP7NCw==",
      "license": "MIT",
      "funding": {
        "url": "https://github.com/sponsors/panva"
      }
    },
    "node_modules/nofilter": {
      "version": "3.1.0",
      "resolved": "https://registry.npmjs.org/nofilter/-/nofilter-3.1.0.tgz",
      "integrity": "sha512-l2NNj07e9afPnhAhvgVrCD/oy2Ai1yfLpuo3EpiO1jFTsB4sFz6oIfAfSZyQzVpkZQ9xS8ZS5g1jCBgq4Hwo0g==",
      "license": "MIT",
      "engines": {
        "node": ">=12.19"
      }
    }
  }
}
