{
  "name": "ppq-enclave-proxy",
  "version": "0.1.0",
  "lockfileVersion": 3,
  "requires": true,
  "packages": {
    "": {
      "name": "ppq-enclave-proxy",
      "version": "0.1.0",
      "license": "MIT",
      "dependencies": {
        "@panva/hpke-noble": "1.0.6",
        "ehbp": "0.2.0",
        "hpke": "1.0.4"
      },
      "engines": {
        "node": ">=22"
      }
    },
    "node_modules/@noble/ciphers": {
      "version": "2.2.0",
      "resolved": "https://registry.npmjs.org/@noble/ciphers/-/ciphers-2.2.0.tgz",
      "integrity": "sha512-Z6pjIZ/8IJcCGzb2S/0Px5J81yij85xASuk1teLNeg75bfT07MV3a/O2Mtn1I2se43k3lkVEcFaR10N4cgQcZA==",
      "license": "MIT",
      "engines": {
        "node": ">= 20.19.0"
      },
      "funding": {
        "url": "https://paulmillr.com/funding/"
      }
    },
    "node_modules/@noble/curves": {
      "version": "2.2.0",
      "resolved": "https://registry.npmjs.org/@noble/curves/-/curves-2.2.0.tgz",
      "integrity": "sha512-T/BoHgFXirb0ENSPBquzX0rcjXeM6Lo892a2jlYJkqk83LqZx0l1Of7DzlKJ6jkpvMrkHSnAcgb5JegL8SeIkQ==",
      "license": "MIT",
      "dependencies": {
        "@noble/hashes": "2.2.0"
      },
      "engines": {
        "node": ">= 20.19.0"
      },
      "funding": {
        "url": "https://paulmillr.com/funding/"
      }
    },
    "node_modules/@noble/hashes": {
      "version": "2.2.0",
      "resolved": "https://registry.npmjs.org/@noble/hashes/-/hashes-2.2.0.tgz",
      "integrity": "sha512-IYqDGiTXab6FniAgnSdZwgWbomxpy9FtYvLKs7wCUs2a8RkITG+DFGO1DM9cr+E3/RgADRpFjrKVaJ1z6sjtEg==",
      "license": "MIT",
      "engines": {
        "node": ">= 20.19.0"
      },
      "funding": {
        "url": "https://paulmillr.com/funding/"
      }
    },
    "node_modules/@noble/post-quantum": {
      "version": "0.5.4",
      "resolved": "https://registry.npmjs.org/@noble/post-quantum/-/post-quantum-0.5.4.tgz",
      "integrity": "sha512-leww0zzIirrvwaYMPI9fj6aRIlA/c6Y0/lifQQ1YOOyHEr0MNH3yYpjXeiVG+tWdPps4XxGclFWX2INPO3Yo5w==",
      "license": "MIT",
      "dependencies": {
        "@noble/curves": "~2.0.0",
        "@noble/hashes": "~2.0.0"
      },
      "engines": {
        "node": ">= 20.19.0"
      },
      "funding": {
        "url": "https://paulmillr.com/funding/"
      }
    },
    "node_modules/@noble/post-quantum/node_modules/@noble/curves": {
      "version": "2.0.1",
      "resolved": "https://registry.npmjs.org/@noble/curves/-/curves-2.0.1.tgz",
      "integrity": "sha512-vs1Az2OOTBiP4q0pwjW5aF0xp9n4MxVrmkFBxc6EKZc6ddYx5gaZiAsZoq0uRRXWbi3AT/sBqn05eRPtn1JCPw==",
      "license": "MIT",
      "dependencies": {
        "@noble/hashes": "2.0.1"
      },
      "engines": {
        "node": ">= 20.19.0"
      },
      "funding": {
        "url": "https://paulmillr.com/funding/"
      }
    },
    "node_modules/@noble/post-quantum/node_modules/@noble/hashes": {
      "version": "2.0.1",
      "resolved": "https://registry.npmjs.org/@noble/hashes/-/hashes-2.0.1.tgz",
      "integrity": "sha512-XlOlEbQcE9fmuXxrVTXCTlG2nlRXa9Rj3rr5Ue/+tX+nmkgbX720YHh0VR3hBF9xDvwnb8D2shVGOwNx+ulArw==",
      "license": "MIT",
      "engines": {
        "node": ">= 20.19.0"
      },
      "funding": {
        "url": "https://paulmillr.com/funding/"
      }
    },
    "node_modules/@panva/hpke-noble": {
      "version": "1.0.6",
      "resolved": "https://registry.npmjs.org/@panva/hpke-noble/-/hpke-noble-1.0.6.tgz",
      "integrity": "sha512-JmxveC0BoywG5QNmk/zpNQjI8dv41I1o0+AjynOfj6jjbpa6t7bwfKeiEZhgPh1Y6+NzLlBvnH26XGOXZwD+Fg==",
      "license": "MIT",
      "dependencies": {
        "@noble/ciphers": "^2.0.1",
        "@noble/curves": "^2.0.1",
        "@noble/hashes": "^2.0.1",
        "@noble/post-quantum": "^0.5.4"
      },
      "funding": {
        "url": "https://github.com/sponsors/panva"
      },
      "peerDependencies": {
        "hpke": "^1.0.0"
      }
    },
    "node_modules/ehbp": {
      "version": "0.2.0",
      "resolved": "https://registry.npmjs.org/ehbp/-/ehbp-0.2.0.tgz",
      "integrity": "sha512-hYkeupwvY0S1h9RpcrCD8pAgc6yfxfMqbI0y6khtS+ZNEByZAf116LTA6aBFB2JJQFsUaOEO7convZVrVhyeZA==",
      "license": "MIT",
      "dependencies": {
        "@panva/hpke-noble": "^1.0.3",
        "hpke": "^1.0.1"
      },
      "engines": {
        "node": ">=20.0.0"
      }
    },
    "node_modules/hpke": {
      "version": "1.0.4",
      "resolved": "https://registry.npmjs.org/hpke/-/hpke-1.0.4.tgz",
      "integrity": "sha512-/WWT4tf9CPVDi/ciTwQW87xcHLPVUBjGoimacz/Ke2gOe+1FoVo7JxbJS2DmvFQ+ZwwCouK7XocFUekmtMoazg==",
      "license": "MIT",
      "funding": {
        "url": "https://github.com/sponsors/panva"
      }
    }
  }
}
